GEM
  remote: https://rubygems.org/
  specs:
    base64 (0.3.0)
    binding_of_caller (2.0.0)
      debug_inspector (>= 1.2.0)
    byebug (13.0.0)
      reline (>= 0.6.0)
    coderay (1.1.3)
    debug_inspector (1.2.0)
    io-console (0.8.2)
    logger (1.7.0)
    method_source (1.1.0)
    multi_json (1.21.1)
    mustermann (3.1.1)
    nio4r (2.7.5)
    pry (0.16.0)
      coderay (~> 1.1)
      method_source (~> 1.0)
      reline (>= 0.6.0)
    pry-byebug (3.12.0)
      byebug (~> 13.0)
      pry (>= 0.13, < 0.17)
    puma (8.0.2)
      nio4r (~> 2.0)
    rack (3.2.6)
    rack-protection (4.2.1)
      base64 (>= 0.1.0)
      logger (>= 1.6.0)
      rack (>= 3.0.0, < 4)
    rack-session (2.1.2)
      base64 (>= 0.1.0)
      rack (>= 3.0.0)
    reline (0.6.3)
      io-console (~> 0.5)
    sinatra (4.2.1)
      logger (>= 1.6.0)
      mustermann (~> 3.0)
      rack (>= 3.0.0, < 4)
      rack-protection (= 4.2.1)
      rack-session (>= 2.0.0, < 3)
      tilt (~> 2.0)
    sinatra-contrib (4.2.1)
      multi_json (>= 0.0.2)
      mustermann (~> 3.0)
      rack-protection (= 4.2.1)
      sinatra (= 4.2.1)
      tilt (~> 2.0)
    tilt (2.8.0)

PLATFORMS
  arm64-darwin-23
  ruby

DEPENDENCIES
  binding_of_caller
  pry-byebug
  puma
  sinatra
  sinatra-contrib

CHECKSUMS
  base64 (0.3.0) sha256=27337aeabad6ffae05c265c450490628ef3ebd4b67be58257393227588f5a97b
  binding_of_caller (2.0.0) sha256=e53eebf8428a85587aede7b43a83e7419eb85b8b690938a96aa330d03052d517
  bundler (4.0.15) sha256=a4ceb882fe94a0e0ac63cd0813932bbfd631a14e5ac0b7975189b19a4d28d9e7
  byebug (13.0.0) sha256=d2263efe751941ca520fa29744b71972d39cbc41839496706f5d9b22e92ae05d
  coderay (1.1.3) sha256=dc530018a4684512f8f38143cd2a096c9f02a1fc2459edcfe534787a7fc77d4b
  debug_inspector (1.2.0) sha256=9bdfa02eebc3da163833e6a89b154084232f5766087e59573b70521c77ea68a2
  io-console (0.8.2) sha256=d6e3ae7a7cc7574f4b8893b4fca2162e57a825b223a177b7afa236c5ef9814cc
  logger (1.7.0) sha256=196edec7cc44b66cfb40f9755ce11b392f21f7967696af15d274dde7edff0203
  method_source (1.1.0) sha256=181301c9c45b731b4769bc81e8860e72f9161ad7d66dd99103c9ab84f560f5c5
  multi_json (1.21.1) sha256=e6126a31808e3b4d19f483c775ceac34df190dffa62adfb63a165ee14ba68080
  mustermann (3.1.1) sha256=4c6170c7234d5499c345562ba7c7dfe73e1754286dcc1abb053064d66a127198
  nio4r (2.7.5) sha256=6c90168e48fb5f8e768419c93abb94ba2b892a1d0602cb06eef16d8b7df1dca1
  pry (0.16.0) sha256=d76c69065698ed1f85e717bd33d7942c38a50868f6b0673c636192b3d1b6054e
  pry-byebug (3.12.0) sha256=594e094ae8a8390a7ad4c7b36ae36e13304ed02664c67417d108dc5f7213d1b7
  puma (8.0.2) sha256=c8ed871dfbbe66448ea9ffd46692342d9804d4071522b52b5331b7b6e7b686fb
  rack (3.2.6) sha256=5ed78e1f73b2e25679bec7d45ee2d4483cc4146eb1be0264fc4d94cb5ef212c2
  rack-protection (4.2.1) sha256=cf6e2842df8c55f5e4d1a4be015e603e19e9bc3a7178bae58949ccbb58558bac
  rack-session (2.1.2) sha256=595434f8c0c3473ae7d7ac56ecda6cc6dfd9d37c0b2b5255330aa1576967ffe8
  reline (0.6.3) sha256=1198b04973565b36ec0f11542ab3f5cfeeec34823f4e54cebde90968092b1835
  sinatra (4.2.1) sha256=b7aeb9b11d046b552972ade834f1f9be98b185fa8444480688e3627625377080
  sinatra-contrib (4.2.1) sha256=10d091c944d268aa910c618ea40a3c3ebe0533e6e32990d84af92235a3d26b4a
  tilt (2.8.0) sha256=ba472eb2716fe1e04112d6d219a9dae938ec09a6a1e2ad3ecc7922e79bde3721

BUNDLED WITH
  4.0.15
